// !$*UTF8*$!
{
	archiveVersion = 1;
	classes = {
	};
	objectVersion = 50;
	objects = {

/* Begin PBXBuildFile section */
		C72F91DA2392041F00299C4E /* main.c in Sources */ = {isa = PBXBuildFile; fileRef = C72F91D92392041F00299C4E /* main.c */; };
		C72F91E32392044200299C4E /* mergeutility.c in Sources */ = {isa = PBXBuildFile; fileRef = C72F91E02392044200299C4E /* mergeutility.c */; };
		C72F91E42392044200299C4E /* wordutility.c in Sources */ = {isa = PBXBuildFile; fileRef = C72F91E12392044200299C4E /* wordutility.c */; };
		C72F91E52392044200299C4E /* splitutility.c in Sources */ = {isa = PBXBuildFile; fileRef = C72F91E22392044200299C4E /* splitutility.c */; };
/* End PBXBuildFile section */

/* Begin PBXCopyFilesBuildPhase section */
		C72F91D42392041F00299C4E /* CopyFiles */ = {
			isa = PBXCopyFilesBuildPhase;
			buildActionMask = 2147483647;
			dstPath = /usr/share/man/man1/;
			dstSubfolderSpec = 0;
			files = (
			);
			runOnlyForDeploymentPostprocessing = 1;
		};
/* End PBXCopyFilesBuildPhase section */

/* Begin PBXFileReference section */
		C72F91D62392041F00299C4E /* MapperX */ = {isa = PBXFileReference; explicitFileType = "compiled.mach-o.executable"; includeInIndex = 0; path = MapperX; sourceTree = BUILT_PRODUCTS_DIR; };
		C72F91D92392041F00299C4E /* main.c */ = {isa = PBXFileReference; lastKnownFileType = sourcecode.c.c; path = main.c; sourceTree = "<group>"; };
		C72F91E02392044200299C4E /* mergeutility.c */ = {isa = PBXFileReference; fileEncoding = 4; lastKnownFileType = sourcecode.c.c; path = mergeutility.c; sourceTree = "<group>"; };
		C72F91E12392044200299C4E /* wordutility.c */ = {isa = PBXFileReference; fileEncoding = 4; lastKnownFileType = sourcecode.c.c; path = wordutility.c; sourceTree = "<group>"; };
		C72F91E22392044200299C4E /* splitutility.c */ = {isa = PBXFileReference; fileEncoding = 4; lastKnownFileType = sourcecode.c.c; path = splitutility.c; sourceTree = "<group>"; };
		C72F91E623920AD400299C4E /* wordutility.h */ = {isa = PBXFileReference; lastKnownFileType = sourcecode.c.h; path = wordutility.h; sourceTree = "<group>"; };
		C72F91E723920C0400299C4E /* splitutility.h */ = {isa = PBXFileReference; lastKnownFileType = sourcecode.c.h; path = splitutility.h; sourceTree = "<group>"; };
		C72F91E823920C7900299C4E /* mergutility.h */ = {isa = PBXFileReference; lastKnownFileType = sourcecode.c.h; path = mergutility.h; sourceTree = "<group>"; };
/* End PBXFileReference section */

/* Begin PBXFrameworksBuildPhase section */
		C72F91D32392041F00299C4E /* Frameworks */ = {
			isa = PBXFrameworksBuildPhase;
			buildActionMask = 2147483647;
			files = (
			);
			runOnlyForDeploymentPostprocessing = 0;
		};
/* End PBXFrameworksBuildPhase section */

/* Begin PBXGroup section */
		C72F91CD2392041F00299C4E = {
			isa = PBXGroup;
			children = (
				C72F91D82392041F00299C4E /* MapperX */,
				C72F91D72392041F00299C4E /* Products */,
			);
			sourceTree = "<group>";
		};
		C72F91D72392041F00299C4E /* Products */ = {
			isa = PBXGroup;
			children = (
				C72F91D62392041F00299C4E /* MapperX */,
			);
			name = Products;
			sourceTree = "<group>";
		};
		C72F91D82392041F00299C4E /* MapperX */ = {
			isa = PBXGroup;
			children = (
				C72F91E02392044200299C4E /* mergeutility.c */,
				C72F91E823920C7900299C4E /* mergutility.h */,
				C72F91E22392044200299C4E /* splitutility.c */,
				C72F91E12392044200299C4E /* wordutility.c */,
				C72F91E623920AD400299C4E /* wordutility.h */,
				C72F91D92392041F00299C4E /* main.c */,
				C72F91E723920C0400299C4E /* splitutility.h */,
			);
			path = MapperX;
			sourceTree = "<group>";
		};
/* End PBXGroup section */

/* Begin PBXNativeTarget section */
		C72F91D52392041F00299C4E /* MapperX */ = {
			isa = PBXNativeTarget;
			buildConfigurationList = C72F91DD2392041F00299C4E /* Build configuration list for PBXNativeTarget "MapperX" */;
			buildPhases = (
				C72F91D22392041F00299C4E /* Sources */,
				C72F91D32392041F00299C4E /* Frameworks */,
				C72F91D42392041F00299C4E /* CopyFiles */,
			);
			buildRules = (
			);
			dependencies = (
			);
			name = MapperX;
			productName = MapperX;
			productReference = C72F91D62392041F00299C4E /* MapperX */;
			productType = "com.apple.product-type.tool";
		};
/* End PBXNativeTarget section */

/* Begin PBXProject section */
		C72F91CE2392041F00299C4E /* Project object */ = {
			isa = PBXProject;
			attributes = {
				LastUpgradeCheck = 1100;
				ORGANIZATIONNAME = Zajac;
				TargetAttributes = {
					C72F91D52392041F00299C4E = {
						CreatedOnToolsVersion = 11.0;
					};
				};
			};
			buildConfigurationList = C72F91D12392041F00299C4E /* Build configuration list for PBXProject "MapperX" */;
			compatibilityVersion = "Xcode 9.3";
			developmentRegion = en;
			hasScannedForEncodings = 0;
			knownRegions = (
				en,
				Base,
			);
			mainGroup = C72F91CD2392041F00299C4E;
			productRefGroup = C72F91D72392041F00299C4E /* Products */;
			projectDirPath = "";
			projectRoot = "";
			targets = (
				C72F91D52392041F00299C4E /* MapperX */,
			);
		};
/* End PBXProject section */

/* Begin PBXSourcesBuildPhase section */
		C72F91D22392041F00299C4E /* Sources */ = {
			isa = PBXSourcesBuildPhase;
			buildActionMask = 2147483647;
			files = (
				C72F91DA2392041F00299C4E /* main.c in Sources */,
				C72F91E42392044200299C4E /* wordutility.c in Sources */,
				C72F91E32392044200299C4E /* mergeutility.c in Sources */,
				C72F91E52392044200299C4E /* splitutility.c in Sources */,
			);
			runOnlyForDeploymentPostprocessing = 0;
		};
/* End PBXSourcesBuildPhase section */

/* Begin XCBuildConfiguration section */
		C72F91DB2392041F00299C4E /* Debug */ = {
			isa = XCBuildConfiguration;
			buildSettings = {
				ALWAYS_SEARCH_USER_PATHS = NO;
				CLANG_ANALYZER_NONNULL = YES;
				CLANG_ANALYZER_NUMBER_OBJECT_CONVERSION = YES_AGGRESSIVE;
				CLANG_CXX_LANGUAGE_STANDARD = "gnu++14";
				CLANG_CXX_LIBRARY = "libc++";
				CLANG_ENABLE_MODULES = YES;
				CLANG_ENABLE_OBJC_ARC = YES;
				CLANG_ENABLE_OBJC_WEAK = YES;
				CLANG_WARN_BLOCK_CAPTURE_AUTORELEASING = YES;
				CLANG_WARN_BOOL_CONVERSION = YES;
				CLANG_WARN_COMMA = YES;
				CLANG_WARN_CONSTANT_CONVERSION = YES;
				CLANG_WARN_DEPRECATED_OBJC_IMPLEMENTATIONS = YES;
				CLANG_WARN_DIRECT_OBJC_ISA_USAGE = YES_ERROR;
				CLANG_WARN_DOCUMENTATION_COMMENTS = YES;
				CLANG_WARN_EMPTY_BODY = YES;
				CLANG_WARN_ENUM_CONVERSION = YES;
				CLANG_WARN_INFINITE_RECURSION = YES;
				CLANG_WARN_INT_CONVERSION = YES;
				CLANG_WARN_NON_LITERAL_NULL_CONVERSION = YES;
				CLANG_WARN_OBJC_IMPLICIT_RETAIN_SELF = YES;
				CLANG_WARN_OBJC_LITERAL_CONVERSION = YES;
				CLANG_WARN_OBJC_ROOT_CLASS = YES_ERROR;
				CLANG_WARN_RANGE_LOOP_ANALYSIS = YES;
				CLANG_WARN_STRICT_PROTOTYPES = YES;
				CLANG_WARN_SUSPICIOUS_MOVE = YES;
				CLANG_WARN_UNGUARDED_AVAILABILITY = YES_AGGRESSIVE;
				CLANG_WARN_UNREACHABLE_CODE = YES;
				CLANG_WARN__DUPLICATE_METHOD_MATCH = YES;
				COPY_PHASE_STRIP = NO;
				DEBUG_INFORMATION_FORMAT = dwarf;
				ENABLE_STRICT_OBJC_MSGSEND = YES;
				ENABLE_TESTABILITY = YES;
				GCC_C_LANGUAGE_STANDARD = gnu11;
				GCC_DYNAMIC_NO_PIC = NO;
				GCC_NO_COMMON_BLOCKS = YES;
				GCC_OPTIMIZATION_LEVEL = 0;
				GCC_PREPROCESSOR_DEFINITIONS = (
					"DEBUG=1",
					"$(inherited)",
				);
				GCC_WARN_64_TO_32_BIT_CONVERSION = YES;
				GCC_WARN_ABOUT_RETURN_TYPE = YES_ERROR;
				GCC_WARN_UNDECLARED_SELECTOR = YES;
				GCC_WARN_UNINITIALIZED_AUTOS = YES_AGGRESSIVE;
				GCC_WARN_UNUSED_FUNCTION = YES;
				GCC_WARN_UNUSED_VARIABLE = YES;
				MACOSX_DEPLOYMENT_TARGET = 10.14;
				MTL_ENABLE_DEBUG_INFO = INCLUDE_SOURCE;
				MTL_FAST_MATH = YES;
				ONLY_ACTIVE_ARCH = YES;
				SDKROOT = macosx;
			};
			name = Debug;
		};
		C72F91DC2392041F00299C4E /* Release */ = {
			isa = XCBuildConfiguration;
			buildSettings = {
				ALWAYS_SEARCH_USER_PATHS = NO;
				CLANG_ANALYZER_NONNULL = YES;
				CLANG_ANALYZER_NUMBER_OBJECT_CONVERSION = YES_AGGRESSIVE;
				CLANG_CXX_LANGUAGE_STANDARD = "gnu++14";
				CLANG_CXX_LIBRARY = "libc++";
				CLANG_ENABLE_MODULES = YES;
				CLANG_ENABLE_OBJC_ARC = YES;
				CLANG_ENABLE_OBJC_WEAK = YES;
				CLANG_WARN_BLOCK_CAPTURE_AUTORELEASING = YES;
				CLANG_WARN_BOOL_CONVERSION = YES;
				CLANG_WARN_COMMA = YES;
				CLANG_WARN_CONSTANT_CONVERSION = YES;
				CLANG_WARN_DEPRECATED_OBJC_IMPLEMENTATIONS = YES;
				CLANG_WARN_DIRECT_OBJC_ISA_USAGE = YES_ERROR;
				CLANG_WARN_DOCUMENTATION_COMMENTS = YES;
				CLANG_WARN_EMPTY_BODY = YES;
				CLANG_WARN_ENUM_CONVERSION = YES;
				CLANG_WARN_INFINITE_RECURSION = YES;
				CLANG_WARN_INT_CONVERSION = YES;
				CLANG_WARN_NON_LITERAL_NULL_CONVERSION = YES;
				CLANG_WARN_OBJC_IMPLICIT_RETAIN_SELF = YES;
				CLANG_WARN_OBJC_LITERAL_CONVERSION = YES;
				CLANG_WARN_OBJC_ROOT_CLASS = YES_ERROR;
				CLANG_WARN_RANGE_LOOP_ANALYSIS = YES;
				CLANG_WARN_STRICT_PROTOTYPES = YES;
				CLANG_WARN_SUSPICIOUS_MOVE = YES;
				CLANG_WARN_UNGUARDED_AVAILABILITY = YES_AGGRESSIVE;
				CLANG_WARN_UNREACHABLE_CODE = YES;
				CLANG_WARN__DUPLICATE_METHOD_MATCH = YES;
				COPY_PHASE_STRIP = NO;
				DEBUG_INFORMATION_FORMAT = "dwarf-with-dsym";
				ENABLE_NS_ASSERTIONS = NO;
				ENABLE_STRICT_OBJC_MSGSEND = YES;
				GCC_C_LANGUAGE_STANDARD = gnu11;
				GCC_NO_COMMON_BLOCKS = YES;
				GCC_WARN_64_TO_32_BIT_CONVERSION = YES;
				GCC_WARN_ABOUT_RETURN_TYPE = YES_ERROR;
				GCC_WARN_UNDECLARED_SELECTOR = YES;
				GCC_WARN_UNINITIALIZED_AUTOS = YES_AGGRESSIVE;
				GCC_WARN_UNUSED_FUNCTION = YES;
				GCC_WARN_UNUSED_VARIABLE = YES;
				MACOSX_DEPLOYMENT_TARGET = 10.14;
				MTL_ENABLE_DEBUG_INFO = NO;
				MTL_FAST_MATH = YES;
				SDKROOT = macosx;
			};
			name = Release;
		};
		C72F91DE2392041F00299C4E /* Debug */ = {
			isa = XCBuildConfiguration;
			buildSettings = {
				CODE_SIGN_STYLE = Automatic;
				DEVELOPMENT_TEAM = J384TQULKT;
				ENABLE_HARDENED_RUNTIME = YES;
				MACOSX_DEPLOYMENT_TARGET = 10.12;
				PRODUCT_NAME = "$(TARGET_NAME)";
			};
			name = Debug;
		};
		C72F91DF2392041F00299C4E /* Release */ = {
			isa = XCBuildConfiguration;
			buildSettings = {
				CODE_SIGN_STYLE = Automatic;
				DEVELOPMENT_TEAM = J384TQULKT;
				ENABLE_HARDENED_RUNTIME = YES;
				MACOSX_DEPLOYMENT_TARGET = 10.12;
				PRODUCT_NAME = "$(TARGET_NAME)";
			};
			name = Release;
		};
/* End XCBuildConfiguration section */

/* Begin XCConfigurationList section */
		C72F91D12392041F00299C4E /* Build configuration list for PBXProject "MapperX" */ = {
			isa = XCConfigurationList;
			buildConfigurations = (
				C72F91DB2392041F00299C4E /* Debug */,
				C72F91DC2392041F00299C4E /* Release */,
			);
			defaultConfigurationIsVisible = 0;
			defaultConfigurationName = Release;
		};
		C72F91DD2392041F00299C4E /* Build configuration list for PBXNativeTarget "MapperX" */ = {
			isa = XCConfigurationList;
			buildConfigurations = (
				C72F91DE2392041F00299C4E /* Debug */,
				C72F91DF2392041F00299C4E /* Release */,
			);
			defaultConfigurationIsVisible = 0;
			defaultConfigurationName = Release;
		};
/* End XCConfigurationList section */
	};
	rootObject = C72F91CE2392041F00299C4E /* Project object */;
}
